
Microsoft Visual Studio Solution File, Format Version 12.00
# Visual Studio 15
VisualStudioVersion = 15.0.28010.2026
MinimumVisualStudioVersion = 10.0.40219.1
Project("{FAE04EC0-301F-11D3-BF4B-00C04F79EFBC}") = "SampleHttpsServer", "SampleHttpsServer\SampleHttpsServer.csproj", "{0AD3E2E2-5645-4B3A-984C-D73E800882DC}"
EndProject
Project("{2150E333-8FDC-42A3-9474-1A3956D46DE8}") = "paket", "paket", "{DA1A1918-E394-4548-A969-972073BA06A3}"
	ProjectSection(SolutionItems) = preProject
		paket.dependencies = paket.dependencies
		paket.lock = paket.lock
	EndProjectSection
EndProject
Project("{FAE04EC0-301F-11D3-BF4B-00C04F79EFBC}") = "JsGridLib", "JsGridLib\JsGridLib.csproj", "{1809FC7E-8125-475E-A444-378433BBF089}"
EndProject
Project("{FAE04EC0-301F-11D3-BF4B-00C04F79EFBC}") = "JsGridLibJS", "JsGridLibJS\JsGridLibJS.csproj", "{9C36B32F-E7E3-4E79-A686-984BB9C69C68}"
EndProject
Global
	GlobalSection(SolutionConfigurationPlatforms) = preSolution
		Debug|Any CPU = Debug|Any CPU
		Release|Any CPU = Release|Any CPU
	EndGlobalSection
	GlobalSection(ProjectConfigurationPlatforms) = postSolution
		{0AD3E2E2-5645-4B3A-984C-D73E800882DC}.Debug|Any CPU.ActiveCfg = Debug|Any CPU
		{0AD3E2E2-5645-4B3A-984C-D73E800882DC}.Debug|Any CPU.Build.0 = Debug|Any CPU
		{0AD3E2E2-5645-4B3A-984C-D73E800882DC}.Release|Any CPU.ActiveCfg = Release|Any CPU
		{0AD3E2E2-5645-4B3A-984C-D73E800882DC}.Release|Any CPU.Build.0 = Release|Any CPU
		{1809FC7E-8125-475E-A444-378433BBF089}.Debug|Any CPU.ActiveCfg = Debug|Any CPU
		{1809FC7E-8125-475E-A444-378433BBF089}.Debug|Any CPU.Build.0 = Debug|Any CPU
		{1809FC7E-8125-475E-A444-378433BBF089}.Release|Any CPU.ActiveCfg = Release|Any CPU
		{1809FC7E-8125-475E-A444-378433BBF089}.Release|Any CPU.Build.0 = Release|Any CPU
		{9C36B32F-E7E3-4E79-A686-984BB9C69C68}.Debug|Any CPU.ActiveCfg = Debug|Any CPU
		{9C36B32F-E7E3-4E79-A686-984BB9C69C68}.Debug|Any CPU.Build.0 = Debug|Any CPU
		{9C36B32F-E7E3-4E79-A686-984BB9C69C68}.Release|Any CPU.ActiveCfg = Release|Any CPU
		{9C36B32F-E7E3-4E79-A686-984BB9C69C68}.Release|Any CPU.Build.0 = Release|Any CPU
	EndGlobalSection
	GlobalSection(SolutionProperties) = preSolution
		HideSolutionNode = FALSE
	EndGlobalSection
	GlobalSection(ExtensibilityGlobals) = postSolution
		SolutionGuid = {0340CCCD-0C77-4C66-BCB8-EF3BBBA71B5F}
	EndGlobalSection
EndGlobal
